
Microsoft Visual Studio Solution File, Format Version 12.00
# Visual Studio Version 17
VisualStudioVersion = 17.7.34031.279
MinimumVisualStudioVersion = 10.0.40219.1
Project("{9A19103F-16F7-4668-BE54-9A1E7A4F7556}") = "Workig_With_Dates", "Workig_With_Dates\Workig_With_Dates.csproj", "{935F3BCA-0CE8-466C-9814-6228174A4FAE}"
EndProject
Project("{9A19103F-16F7-4668-BE54-9A1E7A4F7556}") = "TimeSpan", "TimeSpan\TimeSpan.csproj", "{10048074-F167-4D49-9F70-9778A57D0383}"
EndProject
Project("{9A19103F-16F7-4668-BE54-9A1E7A4F7556}") = "WorkingWithText_CsharpStrings", "WorkingWithText_CsharpStrings\WorkingWithText_CsharpStrings.csproj", "{1C2E1A53-1C4D-4DE2-BBBD-E1A3791D5223}"
EndProject
Project("{FAE04EC0-301F-11D3-BF4B-00C04F79EFBC}") = "StringBuilderInAction", "StringBuilder\StringBuilderInAction.csproj", "{6653425A-F013-4148-A23E-51EF86817A5A}"
EndProject
Project("{FAE04EC0-301F-11D3-BF4B-00C04F79EFBC}") = "StringBuilderaExercise", "StringBuilderaExercise\StringBuilderaExercise.csproj", "{9BA97C87-2A4D-4413-A018-0F212543F838}"
EndProject
Global
	GlobalSection(SolutionConfigurationPlatforms) = preSolution
		Debug|Any CPU = Debug|Any CPU
		Release|Any CPU = Release|Any CPU
	EndGlobalSection
	GlobalSection(ProjectConfigurationPlatforms) = postSolution
		{935F3BCA-0CE8-466C-9814-6228174A4FAE}.Debug|Any CPU.ActiveCfg = Debug|Any CPU
		{935F3BCA-0CE8-466C-9814-6228174A4FAE}.Debug|Any CPU.Build.0 = Debug|Any CPU
		{935F3BCA-0CE8-466C-9814-6228174A4FAE}.Release|Any CPU.ActiveCfg = Release|Any CPU
		{935F3BCA-0CE8-466C-9814-6228174A4FAE}.Release|Any CPU.Build.0 = Release|Any CPU
		{10048074-F167-4D49-9F70-9778A57D0383}.Debug|Any CPU.ActiveCfg = Debug|Any CPU
		{10048074-F167-4D49-9F70-9778A57D0383}.Debug|Any CPU.Build.0 = Debug|Any CPU
		{10048074-F167-4D49-9F70-9778A57D0383}.Release|Any CPU.ActiveCfg = Release|Any CPU
		{10048074-F167-4D49-9F70-9778A57D0383}.Release|Any CPU.Build.0 = Release|Any CPU
		{1C2E1A53-1C4D-4DE2-BBBD-E1A3791D5223}.Debug|Any CPU.ActiveCfg = Debug|Any CPU
		{1C2E1A53-1C4D-4DE2-BBBD-E1A3791D5223}.Debug|Any CPU.Build.0 = Debug|Any CPU
		{1C2E1A53-1C4D-4DE2-BBBD-E1A3791D5223}.Release|Any CPU.ActiveCfg = Release|Any CPU
		{1C2E1A53-1C4D-4DE2-BBBD-E1A3791D5223}.Release|Any CPU.Build.0 = Release|Any CPU
		{6653425A-F013-4148-A23E-51EF86817A5A}.Debug|Any CPU.ActiveCfg = Debug|Any CPU
		{6653425A-F013-4148-A23E-51EF86817A5A}.Debug|Any CPU.Build.0 = Debug|Any CPU
		{6653425A-F013-4148-A23E-51EF86817A5A}.Release|Any CPU.ActiveCfg = Release|Any CPU
		{6653425A-F013-4148-A23E-51EF86817A5A}.Release|Any CPU.Build.0 = Release|Any CPU
		{9BA97C87-2A4D-4413-A018-0F212543F838}.Debug|Any CPU.ActiveCfg = Debug|Any CPU
		{9BA97C87-2A4D-4413-A018-0F212543F838}.Debug|Any CPU.Build.0 = Debug|Any CPU
		{9BA97C87-2A4D-4413-A018-0F212543F838}.Release|Any CPU.ActiveCfg = Release|Any CPU
		{9BA97C87-2A4D-4413-A018-0F212543F838}.Release|Any CPU.Build.0 = Release|Any CPU
	EndGlobalSection
	GlobalSection(SolutionProperties) = preSolution
		HideSolutionNode = FALSE
	EndGlobalSection
	GlobalSection(ExtensibilityGlobals) = postSolution
		SolutionGuid = {36711588-0BCA-47CE-A421-99FA0FAD4904}
	EndGlobalSection
EndGlobal
