
Microsoft Visual Studio Solution File, Format Version 12.00
# Visual Studio Version 17
VisualStudioVersion = 17.9.34728.123
MinimumVisualStudioVersion = 10.0.40219.1
Project("{FAE04EC0-301F-11D3-BF4B-00C04F79EFBC}") = "HPlusSport.API", "HPlusSport.API\HPlusSport.API.csproj", "{562E4681-B4FD-4E16-BF4F-E965E824A326}"
EndProject
Global
	GlobalSection(SolutionConfigurationPlatforms) = preSolution
		Debug|Any CPU = Debug|Any CPU
		Release|Any CPU = Release|Any CPU
	EndGlobalSection
	GlobalSection(ProjectConfigurationPlatforms) = postSolution
		{562E4681-B4FD-4E16-BF4F-E965E824A326}.Debug|Any CPU.ActiveCfg = Debug|Any CPU
		{562E4681-B4FD-4E16-BF4F-E965E824A326}.Debug|Any CPU.Build.0 = Debug|Any CPU
		{562E4681-B4FD-4E16-BF4F-E965E824A326}.Release|Any CPU.ActiveCfg = Release|Any CPU
		{562E4681-B4FD-4E16-BF4F-E965E824A326}.Release|Any CPU.Build.0 = Release|Any CPU
	EndGlobalSection
	GlobalSection(SolutionProperties) = preSolution
		HideSolutionNode = FALSE
	EndGlobalSection
	GlobalSection(ExtensibilityGlobals) = postSolution
		SolutionGuid = {65605248-36F4-4BDC-BA96-0BBE2A1ABE23}
	EndGlobalSection
EndGlobal
