
Microsoft Visual Studio Solution File, Format Version 12.00
# Visual Studio Version 17
VisualStudioVersion = 17.9.34728.123
MinimumVisualStudioVersion = 10.0.40219.1
Project("{FAE04EC0-301F-11D3-BF4B-00C04F79EFBC}") = "UnitTest", "UnitTest\UnitTest.csproj", "{46CBB1BD-756F-451E-9FB1-4D07473CC337}"
EndProject
Project("{FAE04EC0-301F-11D3-BF4B-00C04F79EFBC}") = "NetworkUtility", "NetworkUtility\NetworkUtility.csproj", "{8E154D89-E5BE-435B-B784-54B91003C4AC}"
EndProject
Project("{FAE04EC0-301F-11D3-BF4B-00C04F79EFBC}") = "NetworkUtility.Tests", "NetworkUtility.Tests\NetworkUtility.Tests.csproj", "{060CB24C-469C-4E84-92D3-C831AC7AFC28}"
EndProject
Global
	GlobalSection(SolutionConfigurationPlatforms) = preSolution
		Debug|Any CPU = Debug|Any CPU
		Release|Any CPU = Release|Any CPU
	EndGlobalSection
	GlobalSection(ProjectConfigurationPlatforms) = postSolution
		{46CBB1BD-756F-451E-9FB1-4D07473CC337}.Debug|Any CPU.ActiveCfg = Debug|Any CPU
		{46CBB1BD-756F-451E-9FB1-4D07473CC337}.Debug|Any CPU.Build.0 = Debug|Any CPU
		{46CBB1BD-756F-451E-9FB1-4D07473CC337}.Release|Any CPU.ActiveCfg = Release|Any CPU
		{46CBB1BD-756F-451E-9FB1-4D07473CC337}.Release|Any CPU.Build.0 = Release|Any CPU
		{8E154D89-E5BE-435B-B784-54B91003C4AC}.Debug|Any CPU.ActiveCfg = Debug|Any CPU
		{8E154D89-E5BE-435B-B784-54B91003C4AC}.Debug|Any CPU.Build.0 = Debug|Any CPU
		{8E154D89-E5BE-435B-B784-54B91003C4AC}.Release|Any CPU.ActiveCfg = Release|Any CPU
		{8E154D89-E5BE-435B-B784-54B91003C4AC}.Release|Any CPU.Build.0 = Release|Any CPU
		{060CB24C-469C-4E84-92D3-C831AC7AFC28}.Debug|Any CPU.ActiveCfg = Debug|Any CPU
		{060CB24C-469C-4E84-92D3-C831AC7AFC28}.Debug|Any CPU.Build.0 = Debug|Any CPU
		{060CB24C-469C-4E84-92D3-C831AC7AFC28}.Release|Any CPU.ActiveCfg = Release|Any CPU
		{060CB24C-469C-4E84-92D3-C831AC7AFC28}.Release|Any CPU.Build.0 = Release|Any CPU
	EndGlobalSection
	GlobalSection(SolutionProperties) = preSolution
		HideSolutionNode = FALSE
	EndGlobalSection
	GlobalSection(ExtensibilityGlobals) = postSolution
		SolutionGuid = {77508B9E-8E0F-497D-ACA8-AF630E8374F2}
	EndGlobalSection
EndGlobal
