
Microsoft Visual Studio Solution File, Format Version 12.00
# Visual Studio Version 17
VisualStudioVersion = 17.9.34728.123
MinimumVisualStudioVersion = 10.0.40219.1
Project("{FAE04EC0-301F-11D3-BF4B-00C04F79EFBC}") = "Will_I_ever_go-back_to_Net", "Will_I_ever_go-back_to_Net\Will_I_ever_go-back_to_Net.csproj", "{38B3BDD4-5593-426E-BF14-11477ABABAAF}"
EndProject
Global
	GlobalSection(SolutionConfigurationPlatforms) = preSolution
		Debug|Any CPU = Debug|Any CPU
		Release|Any CPU = Release|Any CPU
	EndGlobalSection
	GlobalSection(ProjectConfigurationPlatforms) = postSolution
		{38B3BDD4-5593-426E-BF14-11477ABABAAF}.Debug|Any CPU.ActiveCfg = Debug|Any CPU
		{38B3BDD4-5593-426E-BF14-11477ABABAAF}.Debug|Any CPU.Build.0 = Debug|Any CPU
		{38B3BDD4-5593-426E-BF14-11477ABABAAF}.Release|Any CPU.ActiveCfg = Release|Any CPU
		{38B3BDD4-5593-426E-BF14-11477ABABAAF}.Release|Any CPU.Build.0 = Release|Any CPU
	EndGlobalSection
	GlobalSection(SolutionProperties) = preSolution
		HideSolutionNode = FALSE
	EndGlobalSection
	GlobalSection(ExtensibilityGlobals) = postSolution
		SolutionGuid = {A24E4488-857C-4EBA-92E6-9E911917887C}
	EndGlobalSection
EndGlobal
