
Microsoft Visual Studio Solution File, Format Version 12.00
# Visual Studio Version 17
VisualStudioVersion = 17.7.34031.279
MinimumVisualStudioVersion = 10.0.40219.1
Project("{9A19103F-16F7-4668-BE54-9A1E7A4F7556}") = "Arrays_Lists", "Arrays_Lists\Arrays_Lists.csproj", "{A6FE41A8-E3C9-4B8A-B480-DA33FC8D424C}"
EndProject
Project("{FAE04EC0-301F-11D3-BF4B-00C04F79EFBC}") = "Lists", "Lists\Lists.csproj", "{A603AFE3-5FE9-48FB-8C57-ECD63C3019A9}"
EndProject
Project("{FAE04EC0-301F-11D3-BF4B-00C04F79EFBC}") = "Exericise3 -ArraysLists", "Exericise3 -ArraysLists\Exericise3 -ArraysLists.csproj", "{6399CFD4-AE19-46A9-8481-2C16BE0160A9}"
EndProject
Global
	GlobalSection(SolutionConfigurationPlatforms) = preSolution
		Debug|Any CPU = Debug|Any CPU
		Release|Any CPU = Release|Any CPU
	EndGlobalSection
	GlobalSection(ProjectConfigurationPlatforms) = postSolution
		{A6FE41A8-E3C9-4B8A-B480-DA33FC8D424C}.Debug|Any CPU.ActiveCfg = Debug|Any CPU
		{A6FE41A8-E3C9-4B8A-B480-DA33FC8D424C}.Debug|Any CPU.Build.0 = Debug|Any CPU
		{A6FE41A8-E3C9-4B8A-B480-DA33FC8D424C}.Release|Any CPU.ActiveCfg = Release|Any CPU
		{A6FE41A8-E3C9-4B8A-B480-DA33FC8D424C}.Release|Any CPU.Build.0 = Release|Any CPU
		{A603AFE3-5FE9-48FB-8C57-ECD63C3019A9}.Debug|Any CPU.ActiveCfg = Debug|Any CPU
		{A603AFE3-5FE9-48FB-8C57-ECD63C3019A9}.Debug|Any CPU.Build.0 = Debug|Any CPU
		{A603AFE3-5FE9-48FB-8C57-ECD63C3019A9}.Release|Any CPU.ActiveCfg = Release|Any CPU
		{A603AFE3-5FE9-48FB-8C57-ECD63C3019A9}.Release|Any CPU.Build.0 = Release|Any CPU
		{6399CFD4-AE19-46A9-8481-2C16BE0160A9}.Debug|Any CPU.ActiveCfg = Debug|Any CPU
		{6399CFD4-AE19-46A9-8481-2C16BE0160A9}.Debug|Any CPU.Build.0 = Debug|Any CPU
		{6399CFD4-AE19-46A9-8481-2C16BE0160A9}.Release|Any CPU.ActiveCfg = Release|Any CPU
		{6399CFD4-AE19-46A9-8481-2C16BE0160A9}.Release|Any CPU.Build.0 = Release|Any CPU
	EndGlobalSection
	GlobalSection(SolutionProperties) = preSolution
		HideSolutionNode = FALSE
	EndGlobalSection
	GlobalSection(ExtensibilityGlobals) = postSolution
		SolutionGuid = {12DE7F92-B8F9-4239-A115-AC80D0602947}
	EndGlobalSection
EndGlobal
