
Microsoft Visual Studio Solution File, Format Version 12.00
# Visual Studio Version 17
VisualStudioVersion = 17.7.34031.279
MinimumVisualStudioVersion = 10.0.40219.1
Project("{9A19103F-16F7-4668-BE54-9A1E7A4F7556}") = "Student_Grading_Application", "Student_Grading_Application\Student_Grading_Application.csproj", "{A2637242-4BAA-46E1-AC92-11D58C1B78F8}"
EndProject
Project("{9A19103F-16F7-4668-BE54-9A1E7A4F7556}") = "Call_Methods", "Call_Methods\Call_Methods.csproj", "{0CAF6E09-313B-4B52-9FB1-922BB8DB8E9E}"
EndProject
Project("{9A19103F-16F7-4668-BE54-9A1E7A4F7556}") = "dice_game", "dice_game\dice_game.csproj", "{48110EEF-1794-452D-BE09-B2BDF6D7D545}"
EndProject
Project("{9A19103F-16F7-4668-BE54-9A1E7A4F7556}") = "Subscriptions", "Subscriptions\Subscriptions.csproj", "{EF706A91-52D3-40A2-8628-8351B6CD958A}"
EndProject
Project("{9A19103F-16F7-4668-BE54-9A1E7A4F7556}") = "ArraysBasics", "ArraysBasics\ArraysBasics.csproj", "{07AAFDB5-205D-4ED4-B81B-5BEF35C6C2D9}"
EndProject
Project("{9A19103F-16F7-4668-BE54-9A1E7A4F7556}") = "foreach_array", "foreach_array\foreach_array.csproj", "{EC549931-5E51-4341-912F-B46313600541}"
EndProject
Project("{9A19103F-16F7-4668-BE54-9A1E7A4F7556}") = "nestedIteration", "nestedIteration\nestedIteration.csproj", "{DBA26066-F3AD-46BB-9653-E947803A1C12}"
EndProject
Project("{9A19103F-16F7-4668-BE54-9A1E7A4F7556}") = "StudentGradeApp2", "StudentGradeApp2\StudentGradeApp2.csproj", "{0316DBD2-4512-4D8D-82A1-1D080337A8CB}"
EndProject
Project("{9A19103F-16F7-4668-BE54-9A1E7A4F7556}") = "Demo_Variables_Constants", "Demo_Variables_Constants\Demo_Variables_Constants.csproj", "{4044C7FA-B920-41F1-BE7D-588541DF16CF}"
EndProject
Project("{9A19103F-16F7-4668-BE54-9A1E7A4F7556}") = "Opeators", "Opeators\Opeators.csproj", "{7860A8D3-FBDE-4BAD-9320-B2C69C3C728E}"
EndProject
Project("{9A19103F-16F7-4668-BE54-9A1E7A4F7556}") = "Classes_Non_Primitive_datatype", "Classes_Non_Primitive_datatype\Classes_Non_Primitive_datatype.csproj", "{608F3929-D35D-4DE8-A9AB-82292ACA903D}"
EndProject
Project("{9A19103F-16F7-4668-BE54-9A1E7A4F7556}") = "Enums", "Enums\Enums.csproj", "{7DDBD536-1632-44D7-9B09-4D4335E09FE1}"
EndProject
Project("{9A19103F-16F7-4668-BE54-9A1E7A4F7556}") = "Value_Reference_Type", "Value_Reference_Type\Value_Reference_Type.csproj", "{22ADEB65-8F8F-43A5-B4FB-AAA35F4E5C41}"
EndProject
Project("{9A19103F-16F7-4668-BE54-9A1E7A4F7556}") = "rebornClasses", "rebornClasses\rebornClasses.csproj", "{EA637FAD-B83D-4A63-B4C5-2C114674CA46}"
EndProject
Project("{FAE04EC0-301F-11D3-BF4B-00C04F79EFBC}") = "InputFromConsole", "InputFromConsole\InputFromConsole.csproj", "{31A6A346-9DF9-4A06-B1E6-74D9ED93312E}"
EndProject
Global
	GlobalSection(SolutionConfigurationPlatforms) = preSolution
		Debug|Any CPU = Debug|Any CPU
		Release|Any CPU = Release|Any CPU
	EndGlobalSection
	GlobalSection(ProjectConfigurationPlatforms) = postSolution
		{A2637242-4BAA-46E1-AC92-11D58C1B78F8}.Debug|Any CPU.ActiveCfg = Debug|Any CPU
		{A2637242-4BAA-46E1-AC92-11D58C1B78F8}.Debug|Any CPU.Build.0 = Debug|Any CPU
		{A2637242-4BAA-46E1-AC92-11D58C1B78F8}.Release|Any CPU.ActiveCfg = Release|Any CPU
		{A2637242-4BAA-46E1-AC92-11D58C1B78F8}.Release|Any CPU.Build.0 = Release|Any CPU
		{0CAF6E09-313B-4B52-9FB1-922BB8DB8E9E}.Debug|Any CPU.ActiveCfg = Debug|Any CPU
		{0CAF6E09-313B-4B52-9FB1-922BB8DB8E9E}.Debug|Any CPU.Build.0 = Debug|Any CPU
		{0CAF6E09-313B-4B52-9FB1-922BB8DB8E9E}.Release|Any CPU.ActiveCfg = Release|Any CPU
		{0CAF6E09-313B-4B52-9FB1-922BB8DB8E9E}.Release|Any CPU.Build.0 = Release|Any CPU
		{48110EEF-1794-452D-BE09-B2BDF6D7D545}.Debug|Any CPU.ActiveCfg = Debug|Any CPU
		{48110EEF-1794-452D-BE09-B2BDF6D7D545}.Debug|Any CPU.Build.0 = Debug|Any CPU
		{48110EEF-1794-452D-BE09-B2BDF6D7D545}.Release|Any CPU.ActiveCfg = Release|Any CPU
		{48110EEF-1794-452D-BE09-B2BDF6D7D545}.Release|Any CPU.Build.0 = Release|Any CPU
		{EF706A91-52D3-40A2-8628-8351B6CD958A}.Debug|Any CPU.ActiveCfg = Debug|Any CPU
		{EF706A91-52D3-40A2-8628-8351B6CD958A}.Debug|Any CPU.Build.0 = Debug|Any CPU
		{EF706A91-52D3-40A2-8628-8351B6CD958A}.Release|Any CPU.ActiveCfg = Release|Any CPU
		{EF706A91-52D3-40A2-8628-8351B6CD958A}.Release|Any CPU.Build.0 = Release|Any CPU
		{07AAFDB5-205D-4ED4-B81B-5BEF35C6C2D9}.Debug|Any CPU.ActiveCfg = Debug|Any CPU
		{07AAFDB5-205D-4ED4-B81B-5BEF35C6C2D9}.Debug|Any CPU.Build.0 = Debug|Any CPU
		{07AAFDB5-205D-4ED4-B81B-5BEF35C6C2D9}.Release|Any CPU.ActiveCfg = Release|Any CPU
		{07AAFDB5-205D-4ED4-B81B-5BEF35C6C2D9}.Release|Any CPU.Build.0 = Release|Any CPU
		{EC549931-5E51-4341-912F-B46313600541}.Debug|Any CPU.ActiveCfg = Debug|Any CPU
		{EC549931-5E51-4341-912F-B46313600541}.Debug|Any CPU.Build.0 = Debug|Any CPU
		{EC549931-5E51-4341-912F-B46313600541}.Release|Any CPU.ActiveCfg = Release|Any CPU
		{EC549931-5E51-4341-912F-B46313600541}.Release|Any CPU.Build.0 = Release|Any CPU
		{DBA26066-F3AD-46BB-9653-E947803A1C12}.Debug|Any CPU.ActiveCfg = Debug|Any CPU
		{DBA26066-F3AD-46BB-9653-E947803A1C12}.Debug|Any CPU.Build.0 = Debug|Any CPU
		{DBA26066-F3AD-46BB-9653-E947803A1C12}.Release|Any CPU.ActiveCfg = Release|Any CPU
		{DBA26066-F3AD-46BB-9653-E947803A1C12}.Release|Any CPU.Build.0 = Release|Any CPU
		{0316DBD2-4512-4D8D-82A1-1D080337A8CB}.Debug|Any CPU.ActiveCfg = Debug|Any CPU
		{0316DBD2-4512-4D8D-82A1-1D080337A8CB}.Debug|Any CPU.Build.0 = Debug|Any CPU
		{0316DBD2-4512-4D8D-82A1-1D080337A8CB}.Release|Any CPU.ActiveCfg = Release|Any CPU
		{0316DBD2-4512-4D8D-82A1-1D080337A8CB}.Release|Any CPU.Build.0 = Release|Any CPU
		{4044C7FA-B920-41F1-BE7D-588541DF16CF}.Debug|Any CPU.ActiveCfg = Debug|Any CPU
		{4044C7FA-B920-41F1-BE7D-588541DF16CF}.Debug|Any CPU.Build.0 = Debug|Any CPU
		{4044C7FA-B920-41F1-BE7D-588541DF16CF}.Release|Any CPU.ActiveCfg = Release|Any CPU
		{4044C7FA-B920-41F1-BE7D-588541DF16CF}.Release|Any CPU.Build.0 = Release|Any CPU
		{7860A8D3-FBDE-4BAD-9320-B2C69C3C728E}.Debug|Any CPU.ActiveCfg = Debug|Any CPU
		{7860A8D3-FBDE-4BAD-9320-B2C69C3C728E}.Debug|Any CPU.Build.0 = Debug|Any CPU
		{7860A8D3-FBDE-4BAD-9320-B2C69C3C728E}.Release|Any CPU.ActiveCfg = Release|Any CPU
		{7860A8D3-FBDE-4BAD-9320-B2C69C3C728E}.Release|Any CPU.Build.0 = Release|Any CPU
		{608F3929-D35D-4DE8-A9AB-82292ACA903D}.Debug|Any CPU.ActiveCfg = Debug|Any CPU
		{608F3929-D35D-4DE8-A9AB-82292ACA903D}.Debug|Any CPU.Build.0 = Debug|Any CPU
		{608F3929-D35D-4DE8-A9AB-82292ACA903D}.Release|Any CPU.ActiveCfg = Release|Any CPU
		{608F3929-D35D-4DE8-A9AB-82292ACA903D}.Release|Any CPU.Build.0 = Release|Any CPU
		{7DDBD536-1632-44D7-9B09-4D4335E09FE1}.Debug|Any CPU.ActiveCfg = Debug|Any CPU
		{7DDBD536-1632-44D7-9B09-4D4335E09FE1}.Debug|Any CPU.Build.0 = Debug|Any CPU
		{7DDBD536-1632-44D7-9B09-4D4335E09FE1}.Release|Any CPU.ActiveCfg = Release|Any CPU
		{7DDBD536-1632-44D7-9B09-4D4335E09FE1}.Release|Any CPU.Build.0 = Release|Any CPU
		{22ADEB65-8F8F-43A5-B4FB-AAA35F4E5C41}.Debug|Any CPU.ActiveCfg = Debug|Any CPU
		{22ADEB65-8F8F-43A5-B4FB-AAA35F4E5C41}.Debug|Any CPU.Build.0 = Debug|Any CPU
		{22ADEB65-8F8F-43A5-B4FB-AAA35F4E5C41}.Release|Any CPU.ActiveCfg = Release|Any CPU
		{22ADEB65-8F8F-43A5-B4FB-AAA35F4E5C41}.Release|Any CPU.Build.0 = Release|Any CPU
		{02372C3A-0D5D-4E94-976B-397C4276582C}.Debug|Any CPU.ActiveCfg = Debug|Any CPU
		{02372C3A-0D5D-4E94-976B-397C4276582C}.Debug|Any CPU.Build.0 = Debug|Any CPU
		{02372C3A-0D5D-4E94-976B-397C4276582C}.Release|Any CPU.ActiveCfg = Release|Any CPU
		{02372C3A-0D5D-4E94-976B-397C4276582C}.Release|Any CPU.Build.0 = Release|Any CPU
		{EA637FAD-B83D-4A63-B4C5-2C114674CA46}.Debug|Any CPU.ActiveCfg = Debug|Any CPU
		{EA637FAD-B83D-4A63-B4C5-2C114674CA46}.Debug|Any CPU.Build.0 = Debug|Any CPU
		{EA637FAD-B83D-4A63-B4C5-2C114674CA46}.Release|Any CPU.ActiveCfg = Release|Any CPU
		{EA637FAD-B83D-4A63-B4C5-2C114674CA46}.Release|Any CPU.Build.0 = Release|Any CPU
		{31A6A346-9DF9-4A06-B1E6-74D9ED93312E}.Debug|Any CPU.ActiveCfg = Debug|Any CPU
		{31A6A346-9DF9-4A06-B1E6-74D9ED93312E}.Debug|Any CPU.Build.0 = Debug|Any CPU
		{31A6A346-9DF9-4A06-B1E6-74D9ED93312E}.Release|Any CPU.ActiveCfg = Release|Any CPU
		{31A6A346-9DF9-4A06-B1E6-74D9ED93312E}.Release|Any CPU.Build.0 = Release|Any CPU
	EndGlobalSection
	GlobalSection(SolutionProperties) = preSolution
		HideSolutionNode = FALSE
	EndGlobalSection
	GlobalSection(ExtensibilityGlobals) = postSolution
		SolutionGuid = {14CC7951-7E30-470C-9DFB-8ED7A59DC7AB}
	EndGlobalSection
EndGlobal
